
Microsoft Visual Studio Solution File, Format Version 12.00
# Visual Studio Version 17
VisualStudioVersion = 17.9.34723.18
MinimumVisualStudioVersion = 10.0.40219.1
Project("{6989167D-11E4-40FE-8C1A-2192A86A7E90}") = "2D_harmonic_project", "2D_harmonic_project.vfproj", "{9B7343C2-D99A-4D93-B365-DDBE97C2DE3E}"
EndProject
Global
	GlobalSection(SolutionConfigurationPlatforms) = preSolution
		Debug|x64 = Debug|x64
		Debug|x86 = Debug|x86
		Release|x64 = Release|x64
		Release|x86 = Release|x86
	EndGlobalSection
	GlobalSection(ProjectConfigurationPlatforms) = postSolution
		{9B7343C2-D99A-4D93-B365-DDBE97C2DE3E}.Debug|x64.ActiveCfg = Debug|x64
		{9B7343C2-D99A-4D93-B365-DDBE97C2DE3E}.Debug|x64.Build.0 = Debug|x64
		{9B7343C2-D99A-4D93-B365-DDBE97C2DE3E}.Debug|x86.ActiveCfg = Debug|Win32
		{9B7343C2-D99A-4D93-B365-DDBE97C2DE3E}.Debug|x86.Build.0 = Debug|Win32
		{9B7343C2-D99A-4D93-B365-DDBE97C2DE3E}.Release|x64.ActiveCfg = Release|x64
		{9B7343C2-D99A-4D93-B365-DDBE97C2DE3E}.Release|x64.Build.0 = Release|x64
		{9B7343C2-D99A-4D93-B365-DDBE97C2DE3E}.Release|x86.ActiveCfg = Release|Win32
		{9B7343C2-D99A-4D93-B365-DDBE97C2DE3E}.Release|x86.Build.0 = Release|Win32
	EndGlobalSection
	GlobalSection(SolutionProperties) = preSolution
		HideSolutionNode = FALSE
	EndGlobalSection
	GlobalSection(ExtensibilityGlobals) = postSolution
		SolutionGuid = {F3E733EA-368D-417F-A381-5333E59BFFFD}
	EndGlobalSection
EndGlobal
